
Microsoft Visual Studio Solution File, Format Version 12.00
# Visual Studio Version 17
VisualStudioVersion = 17.7.34031.279
MinimumVisualStudioVersion = 10.0.40219.1
Project("{9A19103F-16F7-4668-BE54-9A1E7A4F7556}") = "Entities", "Entities\Entities.csproj", "{F8363F55-11F9-4D4A-8E0E-FD4D5E728027}"
EndProject
Project("{9A19103F-16F7-4668-BE54-9A1E7A4F7556}") = "Business", "Business\Business.csproj", "{265AE8D1-AF18-4EE9-81D7-CA738B933352}"
EndProject
Project("{9A19103F-16F7-4668-BE54-9A1E7A4F7556}") = "DataAccess", "DataAccess\DataAccess.csproj", "{698E94D4-00FE-4D79-9E23-38FD335B354E}"
EndProject
Project("{9A19103F-16F7-4668-BE54-9A1E7A4F7556}") = "UI", "UI\UI.csproj", "{D33A9B03-3F9D-42C7-B37F-F333B8C411DB}"
EndProject
Project("{9A19103F-16F7-4668-BE54-9A1E7A4F7556}") = "Core", "Core\Core.csproj", "{E036E206-3400-40C9-9881-516240250BA5}"
EndProject
Project("{FAE04EC0-301F-11D3-BF4B-00C04F79EFBC}") = "WebAPI", "WebAPI\WebAPI.csproj", "{F17BB1B4-1440-46BA-B40B-0ABD0113A8E6}"
EndProject
Global
	GlobalSection(SolutionConfigurationPlatforms) = preSolution
		Debug|Any CPU = Debug|Any CPU
		Release|Any CPU = Release|Any CPU
	EndGlobalSection
	GlobalSection(ProjectConfigurationPlatforms) = postSolution
		{F8363F55-11F9-4D4A-8E0E-FD4D5E728027}.Debug|Any CPU.ActiveCfg = Debug|Any CPU
		{F8363F55-11F9-4D4A-8E0E-FD4D5E728027}.Debug|Any CPU.Build.0 = Debug|Any CPU
		{F8363F55-11F9-4D4A-8E0E-FD4D5E728027}.Release|Any CPU.ActiveCfg = Release|Any CPU
		{F8363F55-11F9-4D4A-8E0E-FD4D5E728027}.Release|Any CPU.Build.0 = Release|Any CPU
		{265AE8D1-AF18-4EE9-81D7-CA738B933352}.Debug|Any CPU.ActiveCfg = Debug|Any CPU
		{265AE8D1-AF18-4EE9-81D7-CA738B933352}.Debug|Any CPU.Build.0 = Debug|Any CPU
		{265AE8D1-AF18-4EE9-81D7-CA738B933352}.Release|Any CPU.ActiveCfg = Release|Any CPU
		{265AE8D1-AF18-4EE9-81D7-CA738B933352}.Release|Any CPU.Build.0 = Release|Any CPU
		{698E94D4-00FE-4D79-9E23-38FD335B354E}.Debug|Any CPU.ActiveCfg = Debug|Any CPU
		{698E94D4-00FE-4D79-9E23-38FD335B354E}.Debug|Any CPU.Build.0 = Debug|Any CPU
		{698E94D4-00FE-4D79-9E23-38FD335B354E}.Release|Any CPU.ActiveCfg = Release|Any CPU
		{698E94D4-00FE-4D79-9E23-38FD335B354E}.Release|Any CPU.Build.0 = Release|Any CPU
		{D33A9B03-3F9D-42C7-B37F-F333B8C411DB}.Debug|Any CPU.ActiveCfg = Debug|Any CPU
		{D33A9B03-3F9D-42C7-B37F-F333B8C411DB}.Debug|Any CPU.Build.0 = Debug|Any CPU
		{D33A9B03-3F9D-42C7-B37F-F333B8C411DB}.Release|Any CPU.ActiveCfg = Release|Any CPU
		{D33A9B03-3F9D-42C7-B37F-F333B8C411DB}.Release|Any CPU.Build.0 = Release|Any CPU
		{E036E206-3400-40C9-9881-516240250BA5}.Debug|Any CPU.ActiveCfg = Debug|Any CPU
		{E036E206-3400-40C9-9881-516240250BA5}.Debug|Any CPU.Build.0 = Debug|Any CPU
		{E036E206-3400-40C9-9881-516240250BA5}.Release|Any CPU.ActiveCfg = Release|Any CPU
		{E036E206-3400-40C9-9881-516240250BA5}.Release|Any CPU.Build.0 = Release|Any CPU
		{F17BB1B4-1440-46BA-B40B-0ABD0113A8E6}.Debug|Any CPU.ActiveCfg = Debug|Any CPU
		{F17BB1B4-1440-46BA-B40B-0ABD0113A8E6}.Debug|Any CPU.Build.0 = Debug|Any CPU
		{F17BB1B4-1440-46BA-B40B-0ABD0113A8E6}.Release|Any CPU.ActiveCfg = Release|Any CPU
		{F17BB1B4-1440-46BA-B40B-0ABD0113A8E6}.Release|Any CPU.Build.0 = Release|Any CPU
	EndGlobalSection
	GlobalSection(SolutionProperties) = preSolution
		HideSolutionNode = FALSE
	EndGlobalSection
	GlobalSection(ExtensibilityGlobals) = postSolution
		SolutionGuid = {67DCE82E-540D-42BC-8DCB-58368364C9E5}
	EndGlobalSection
EndGlobal
